# This file is automatically @generated by Wally.
# It is not intended for manual editing.
registry = "test"

[[package]]
name = "evaera/promise"
version = "3.1.0"
dependencies = []

[[package]]
name = "howmanysmall/janitor"
version = "1.13.12"
dependencies = []

[[package]]
name = "rbxts/knit"
version = "1.0.0"
dependencies = [["Comm", "sleitnick/comm@0.1.1"], ["Component", "sleitnick/component@1.0.5"], ["EnumList", "sleitnick/enum-list@1.0.2"], ["Knit", "sleitnick/knit@1.0.9"], ["Loader", "sleitnick/loader@1.0.2"], ["Option", "sleitnick/option@1.0.2"], ["Promise", "evaera/promise@3.1.0"], ["Signal", "sleitnick/signal@1.0.1"], ["TableUtil", "sleitnick/table-util@1.0.2"], ["Timer", "sleitnick/timer@1.0.3"], ["Trove", "sleitnick/trove@0.1.0"]]

[[package]]
name = "sleitnick/comm"
version = "0.1.1"
dependencies = [["Option", "sleitnick/option@1.0.2"], ["Promise", "evaera/promise@3.1.0"], ["Signal", "sleitnick/signal@1.0.1"]]

[[package]]
name = "sleitnick/component"
version = "1.0.5"
dependencies = [["Janitor", "howmanysmall/janitor@1.13.12"], ["Promise", "evaera/promise@3.1.0"], ["Signal", "sleitnick/signal@1.0.1"], ["TableUtil", "sleitnick/table-util@1.0.2"]]

[[package]]
name = "sleitnick/enum-list"
version = "1.0.2"
dependencies = [["Symbol", "sleitnick/symbol@1.0.1"]]

[[package]]
name = "sleitnick/knit"
version = "1.0.9"
dependencies = [["Comm", "sleitnick/comm@0.1.1"], ["Loader", "sleitnick/loader@1.0.2"], ["Promise", "evaera/promise@3.1.0"], ["Signal", "sleitnick/signal@1.0.1"], ["TableUtil", "sleitnick/table-util@1.0.2"]]

[[package]]
name = "sleitnick/loader"
version = "1.0.2"
dependencies = []

[[package]]
name = "sleitnick/option"
version = "1.0.2"
dependencies = []

[[package]]
name = "sleitnick/signal"
version = "1.0.1"
dependencies = []

[[package]]
name = "sleitnick/symbol"
version = "1.0.1"
dependencies = []

[[package]]
name = "sleitnick/table-util"
version = "1.0.2"
dependencies = []

[[package]]
name = "sleitnick/timer"
version = "1.0.3"
dependencies = [["Signal", "sleitnick/signal@1.0.1"]]

[[package]]
name = "sleitnick/trove"
version = "0.1.0"
dependencies = []
